github.com/ericfialkowski/goterm v1.0.5 h1:Z7DnQ0+obZ6XimaxhTDPnrfj1rzPuil0sbzxROH8W4A=
github.com/ericfialkowski/goterm v1.0.5/go.mod h1:pJqcGqxdngKsaIK/pTA46ShAzJeT3AJpexjXNFEgQzo=
golang.org/x/sys v0.0.0-20210331175145-43e1dd70ce54/go.mod h1:h1NjWce9XRLGQEsW7wpKNCjG9DtNlClVuFLEZdDNbEs=
golang.org/x/sys v0.1.0 h1:kunALQeHf1/185U1i0GOB/fy1IPRDDpuoOOqRReG57U=
golang.org/x/sys v0.1.0/go.mod h1:oPkhp1MJrh7nUepCBck5+mAzfO9JrbApNNgaTdGDITg=
